
Microsoft Visual Studio Solution File, Format Version 12.00
# Visual Studio 15
VisualStudioVersion = 15.0.28307.779
MinimumVisualStudioVersion = 10.0.40219.1
Project("{FAE04EC0-301F-11D3-BF4B-00C04F79EFBC}") = "Kogel.Record.Test", "Kogel.Record.Test\Kogel.Record.Test.csproj", "{49109475-3D56-4DCB-A989-494157FC9A73}"
EndProject
Global
	GlobalSection(SolutionConfigurationPlatforms) = preSolution
		Debug|Any CPU = Debug|Any CPU
		Release|Any CPU = Release|Any CPU
	EndGlobalSection
	GlobalSection(ProjectConfigurationPlatforms) = postSolution
		{49109475-3D56-4DCB-A989-494157FC9A73}.Debug|Any CPU.ActiveCfg = Debug|Any CPU
		{49109475-3D56-4DCB-A989-494157FC9A73}.Debug|Any CPU.Build.0 = Debug|Any CPU
		{49109475-3D56-4DCB-A989-494157FC9A73}.Release|Any CPU.ActiveCfg = Release|Any CPU
		{49109475-3D56-4DCB-A989-494157FC9A73}.Release|Any CPU.Build.0 = Release|Any CPU
	EndGlobalSection
	GlobalSection(SolutionProperties) = preSolution
		HideSolutionNode = FALSE
	EndGlobalSection
	GlobalSection(ExtensibilityGlobals) = postSolution
		SolutionGuid = {4DA3A198-1DC2-47DD-B175-38F8F923D646}
	EndGlobalSection
EndGlobal
